// !$*UTF8*$!
{
	archiveVersion = 1;
	classes = {
	};
	objectVersion = 55;
	objects = {

/* Begin PBXBuildFile section */
		B51E9E6A280DCB23002A173A /* CALayerAnimationsViewController.swift in Sources */ = {isa = PBXBuildFile; fileRef = B51E9E69280DCB22002A173A /* CALayerAnimationsViewController.swift */; };
		B554F041282AAF4600F50FCE /* CALayerSubclassesViewController.swift in Sources */ = {isa = PBXBuildFile; fileRef = B554F040282AAF4600F50FCE /* CALayerSubclassesViewController.swift */; };
		B5B7EAA327FD8E740088EFFB /* AppDelegate.swift in Sources */ = {isa = PBXBuildFile; fileRef = B5B7EAA227FD8E740088EFFB /* AppDelegate.swift */; };
		B5B7EAA527FD8E740088EFFB /* SceneDelegate.swift in Sources */ = {isa = PBXBuildFile; fileRef = B5B7EAA427FD8E740088EFFB /* SceneDelegate.swift */; };
		B5B7EAAA27FD8E740088EFFB /* Main.storyboard in Resources */ = {isa = PBXBuildFile; fileRef = B5B7EAA827FD8E740088EFFB /* Main.storyboard */; };
		B5B7EAAC27FD8E780088EFFB /* Assets.xcassets in Resources */ = {isa = PBXBuildFile; fileRef = B5B7EAAB27FD8E780088EFFB /* Assets.xcassets */; };
		B5B7EAAF27FD8E780088EFFB /* LaunchScreen.storyboard in Resources */ = {isa = PBXBuildFile; fileRef = B5B7EAAD27FD8E780088EFFB /* LaunchScreen.storyboard */; };
		B5B7EAB727FD90490088EFFB /* UIVIewAnimateViewController.swift in Sources */ = {isa = PBXBuildFile; fileRef = B5B7EAB627FD90490088EFFB /* UIVIewAnimateViewController.swift */; };
		B5F01CE4282AADA5002E3D09 /* ProgressView.swift in Sources */ = {isa = PBXBuildFile; fileRef = B5F01CE3282AADA5002E3D09 /* ProgressView.swift */; };
/* End PBXBuildFile section */

/* Begin PBXFileReference section */
		B51E9E69280DCB22002A173A /* CALayerAnimationsViewController.swift */ = {isa = PBXFileReference; lastKnownFileType = sourcecode.swift; path = CALayerAnimationsViewController.swift; sourceTree = "<group>"; };
		B554F040282AAF4600F50FCE /* CALayerSubclassesViewController.swift */ = {isa = PBXFileReference; lastKnownFileType = sourcecode.swift; path = CALayerSubclassesViewController.swift; sourceTree = "<group>"; };
		B5B7EA9F27FD8E740088EFFB /* UIKitAnimations.app */ = {isa = PBXFileReference; explicitFileType = wrapper.application; includeInIndex = 0; path = UIKitAnimations.app; sourceTree = BUILT_PRODUCTS_DIR; };
		B5B7EAA227FD8E740088EFFB /* AppDelegate.swift */ = {isa = PBXFileReference; lastKnownFileType = sourcecode.swift; path = AppDelegate.swift; sourceTree = "<group>"; };
		B5B7EAA427FD8E740088EFFB /* SceneDelegate.swift */ = {isa = PBXFileReference; lastKnownFileType = sourcecode.swift; path = SceneDelegate.swift; sourceTree = "<group>"; };
		B5B7EAA927FD8E740088EFFB /* Base */ = {isa = PBXFileReference; lastKnownFileType = file.storyboard; name = Base; path = Base.lproj/Main.storyboard; sourceTree = "<group>"; };
		B5B7EAAB27FD8E780088EFFB /* Assets.xcassets */ = {isa = PBXFileReference; lastKnownFileType = folder.assetcatalog; path = Assets.xcassets; sourceTree = "<group>"; };
		B5B7EAAE27FD8E780088EFFB /* Base */ = {isa = PBXFileReference; lastKnownFileType = file.storyboard; name = Base; path = Base.lproj/LaunchScreen.storyboard; sourceTree = "<group>"; };
		B5B7EAB027FD8E780088EFFB /* Info.plist */ = {isa = PBXFileReference; lastKnownFileType = text.plist.xml; path = Info.plist; sourceTree = "<group>"; };
		B5B7EAB627FD90490088EFFB /* UIVIewAnimateViewController.swift */ = {isa = PBXFileReference; lastKnownFileType = sourcecode.swift; path = UIVIewAnimateViewController.swift; sourceTree = "<group>"; };
		B5F01CE3282AADA5002E3D09 /* ProgressView.swift */ = {isa = PBXFileReference; lastKnownFileType = sourcecode.swift; path = ProgressView.swift; sourceTree = "<group>"; };
/* End PBXFileReference section */

/* Begin PBXFrameworksBuildPhase section */
		B5B7EA9C27FD8E740088EFFB /* Frameworks */ = {
			isa = PBXFrameworksBuildPhase;
			buildActionMask = 2147483647;
			files = (
			);
			runOnlyForDeploymentPostprocessing = 0;
		};
/* End PBXFrameworksBuildPhase section */

/* Begin PBXGroup section */
		B5B7EA9627FD8E740088EFFB = {
			isa = PBXGroup;
			children = (
				B5B7EAA127FD8E740088EFFB /* UIKitAnimations */,
				B5B7EAA027FD8E740088EFFB /* Products */,
			);
			sourceTree = "<group>";
		};
		B5B7EAA027FD8E740088EFFB /* Products */ = {
			isa = PBXGroup;
			children = (
				B5B7EA9F27FD8E740088EFFB /* UIKitAnimations.app */,
			);
			name = Products;
			sourceTree = "<group>";
		};
		B5B7EAA127FD8E740088EFFB /* UIKitAnimations */ = {
			isa = PBXGroup;
			children = (
				B5F01CE5282AAEE4002E3D09 /* Controllers */,
				B5F01CE2282AAD97002E3D09 /* View */,
				B5B7EAA227FD8E740088EFFB /* AppDelegate.swift */,
				B5B7EAA427FD8E740088EFFB /* SceneDelegate.swift */,
				B5B7EAA827FD8E740088EFFB /* Main.storyboard */,
				B5B7EAAB27FD8E780088EFFB /* Assets.xcassets */,
				B5B7EAAD27FD8E780088EFFB /* LaunchScreen.storyboard */,
				B5B7EAB027FD8E780088EFFB /* Info.plist */,
			);
			path = UIKitAnimations;
			sourceTree = "<group>";
		};
		B5F01CE2282AAD97002E3D09 /* View */ = {
			isa = PBXGroup;
			children = (
				B5F01CE3282AADA5002E3D09 /* ProgressView.swift */,
			);
			path = View;
			sourceTree = "<group>";
		};
		B5F01CE5282AAEE4002E3D09 /* Controllers */ = {
			isa = PBXGroup;
			children = (
				B51E9E69280DCB22002A173A /* CALayerAnimationsViewController.swift */,
				B5B7EAB627FD90490088EFFB /* UIVIewAnimateViewController.swift */,
				B554F040282AAF4600F50FCE /* CALayerSubclassesViewController.swift */,
			);
			path = Controllers;
			sourceTree = "<group>";
		};
/* End PBXGroup section */

/* Begin PBXNativeTarget section */
		B5B7EA9E27FD8E740088EFFB /* UIKitAnimations */ = {
			isa = PBXNativeTarget;
			buildConfigurationList = B5B7EAB327FD8E780088EFFB /* Build configuration list for PBXNativeTarget "UIKitAnimations" */;
			buildPhases = (
				B5B7EA9B27FD8E740088EFFB /* Sources */,
				B5B7EA9C27FD8E740088EFFB /* Frameworks */,
				B5B7EA9D27FD8E740088EFFB /* Resources */,
			);
			buildRules = (
			);
			dependencies = (
			);
			name = UIKitAnimations;
			productName = UIKitAnimations;
			productReference = B5B7EA9F27FD8E740088EFFB /* UIKitAnimations.app */;
			productType = "com.apple.product-type.application";
		};
/* End PBXNativeTarget section */

/* Begin PBXProject section */
		B5B7EA9727FD8E740088EFFB /* Project object */ = {
			isa = PBXProject;
			attributes = {
				BuildIndependentTargetsInParallel = 1;
				LastSwiftUpdateCheck = 1320;
				LastUpgradeCheck = 1320;
				TargetAttributes = {
					B5B7EA9E27FD8E740088EFFB = {
						CreatedOnToolsVersion = 13.2;
					};
				};
			};
			buildConfigurationList = B5B7EA9A27FD8E740088EFFB /* Build configuration list for PBXProject "UIKitAnimations" */;
			compatibilityVersion = "Xcode 13.0";
			developmentRegion = en;
			hasScannedForEncodings = 0;
			knownRegions = (
				en,
				Base,
			);
			mainGroup = B5B7EA9627FD8E740088EFFB;
			productRefGroup = B5B7EAA027FD8E740088EFFB /* Products */;
			projectDirPath = "";
			projectRoot = "";
			targets = (
				B5B7EA9E27FD8E740088EFFB /* UIKitAnimations */,
			);
		};
/* End PBXProject section */

/* Begin PBXResourcesBuildPhase section */
		B5B7EA9D27FD8E740088EFFB /* Resources */ = {
			isa = PBXResourcesBuildPhase;
			buildActionMask = 2147483647;
			files = (
				B5B7EAAF27FD8E780088EFFB /* LaunchScreen.storyboard in Resources */,
				B5B7EAAC27FD8E780088EFFB /* Assets.xcassets in Resources */,
				B5B7EAAA27FD8E740088EFFB /* Main.storyboard in Resources */,
			);
			runOnlyForDeploymentPostprocessing = 0;
		};
/* End PBXResourcesBuildPhase section */

/* Begin PBXSourcesBuildPhase section */
		B5B7EA9B27FD8E740088EFFB /* Sources */ = {
			isa = PBXSourcesBuildPhase;
			buildActionMask = 2147483647;
			files = (
				B5B7EAA327FD8E740088EFFB /* AppDelegate.swift in Sources */,
				B5B7EAB727FD90490088EFFB /* UIVIewAnimateViewController.swift in Sources */,
				B554F041282AAF4600F50FCE /* CALayerSubclassesViewController.swift in Sources */,
				B5F01CE4282AADA5002E3D09 /* ProgressView.swift in Sources */,
				B5B7EAA527FD8E740088EFFB /* SceneDelegate.swift in Sources */,
				B51E9E6A280DCB23002A173A /* CALayerAnimationsViewController.swift in Sources */,
			);
			runOnlyForDeploymentPostprocessing = 0;
		};
/* End PBXSourcesBuildPhase section */

/* Begin PBXVariantGroup section */
		B5B7EAA827FD8E740088EFFB /* Main.storyboard */ = {
			isa = PBXVariantGroup;
			children = (
				B5B7EAA927FD8E740088EFFB /* Base */,
			);
			name = Main.storyboard;
			sourceTree = "<group>";
		};
		B5B7EAAD27FD8E780088EFFB /* LaunchScreen.storyboard */ = {
			isa = PBXVariantGroup;
			children = (
				B5B7EAAE27FD8E780088EFFB /* Base */,
			);
			name = LaunchScreen.storyboard;
			sourceTree = "<group>";
		};
/* End PBXVariantGroup section */

/* Begin XCBuildConfiguration section */
		B5B7EAB127FD8E780088EFFB /* Debug */ = {
			isa = XCBuildConfiguration;
			buildSettings = {
				ALWAYS_SEARCH_USER_PATHS = NO;
				CLANG_ANALYZER_NONNULL = YES;
				CLANG_ANALYZER_NUMBER_OBJECT_CONVERSION = YES_AGGRESSIVE;
				CLANG_CXX_LANGUAGE_STANDARD = "gnu++17";
				CLANG_CXX_LIBRARY = "libc++";
				CLANG_ENABLE_MODULES = YES;
				CLANG_ENABLE_OBJC_ARC = YES;
				CLANG_ENABLE_OBJC_WEAK = YES;
				CLANG_WARN_BLOCK_CAPTURE_AUTORELEASING = YES;
				CLANG_WARN_BOOL_CONVERSION = YES;
				CLANG_WARN_COMMA = YES;
				CLANG_WARN_CONSTANT_CONVERSION = YES;
				CLANG_WARN_DEPRECATED_OBJC_IMPLEMENTATIONS = YES;
				CLANG_WARN_DIRECT_OBJC_ISA_USAGE = YES_ERROR;
				CLANG_WARN_DOCUMENTATION_COMMENTS = YES;
				CLANG_WARN_EMPTY_BODY = YES;
				CLANG_WARN_ENUM_CONVERSION = YES;
				CLANG_WARN_INFINITE_RECURSION = YES;
				CLANG_WARN_INT_CONVERSION = YES;
				CLANG_WARN_NON_LITERAL_NULL_CONVERSION = YES;
				CLANG_WARN_OBJC_IMPLICIT_RETAIN_SELF = YES;
				CLANG_WARN_OBJC_LITERAL_CONVERSION = YES;
				CLANG_WARN_OBJC_ROOT_CLASS = YES_ERROR;
				CLANG_WARN_QUOTED_INCLUDE_IN_FRAMEWORK_HEADER = YES;
				CLANG_WARN_RANGE_LOOP_ANALYSIS = YES;
				CLANG_WARN_STRICT_PROTOTYPES = YES;
				CLANG_WARN_SUSPICIOUS_MOVE = YES;
				CLANG_WARN_UNGUARDED_AVAILABILITY = YES_AGGRESSIVE;
				CLANG_WARN_UNREACHABLE_CODE = YES;
				CLANG_WARN__DUPLICATE_METHOD_MATCH = YES;
				COPY_PHASE_STRIP = NO;
				DEBUG_INFORMATION_FORMAT = dwarf;
				ENABLE_STRICT_OBJC_MSGSEND = YES;
				ENABLE_TESTABILITY = YES;
				GCC_C_LANGUAGE_STANDARD = gnu11;
				GCC_DYNAMIC_NO_PIC = NO;
				GCC_NO_COMMON_BLOCKS = YES;
				GCC_OPTIMIZATION_LEVEL = 0;
				GCC_PREPROCESSOR_DEFINITIONS = (
					"DEBUG=1",
					"$(inherited)",
				);
				GCC_WARN_64_TO_32_BIT_CONVERSION = YES;
				GCC_WARN_ABOUT_RETURN_TYPE = YES_ERROR;
				GCC_WARN_UNDECLARED_SELECTOR = YES;
				GCC_WARN_UNINITIALIZED_AUTOS = YES_AGGRESSIVE;
				GCC_WARN_UNUSED_FUNCTION = YES;
				GCC_WARN_UNUSED_VARIABLE = YES;
				IPHONEOS_DEPLOYMENT_TARGET = 15.2;
				MTL_ENABLE_DEBUG_INFO = INCLUDE_SOURCE;
				MTL_FAST_MATH = YES;
				ONLY_ACTIVE_ARCH = YES;
				SDKROOT = iphoneos;
				SWIFT_ACTIVE_COMPILATION_CONDITIONS = DEBUG;
				SWIFT_OPTIMIZATION_LEVEL = "-Onone";
			};
			name = Debug;
		};
		B5B7EAB227FD8E780088EFFB /* Release */ = {
			isa = XCBuildConfiguration;
			buildSettings = {
				ALWAYS_SEARCH_USER_PATHS = NO;
				CLANG_ANALYZER_NONNULL = YES;
				CLANG_ANALYZER_NUMBER_OBJECT_CONVERSION = YES_AGGRESSIVE;
				CLANG_CXX_LANGUAGE_STANDARD = "gnu++17";
				CLANG_CXX_LIBRARY = "libc++";
				CLANG_ENABLE_MODULES = YES;
				CLANG_ENABLE_OBJC_ARC = YES;
				CLANG_ENABLE_OBJC_WEAK = YES;
				CLANG_WARN_BLOCK_CAPTURE_AUTORELEASING = YES;
				CLANG_WARN_BOOL_CONVERSION = YES;
				CLANG_WARN_COMMA = YES;
				CLANG_WARN_CONSTANT_CONVERSION = YES;
				CLANG_WARN_DEPRECATED_OBJC_IMPLEMENTATIONS = YES;
				CLANG_WARN_DIRECT_OBJC_ISA_USAGE = YES_ERROR;
				CLANG_WARN_DOCUMENTATION_COMMENTS = YES;
				CLANG_WARN_EMPTY_BODY = YES;
				CLANG_WARN_ENUM_CONVERSION = YES;
				CLANG_WARN_INFINITE_RECURSION = YES;
				CLANG_WARN_INT_CONVERSION = YES;
				CLANG_WARN_NON_LITERAL_NULL_CONVERSION = YES;
				CLANG_WARN_OBJC_IMPLICIT_RETAIN_SELF = YES;
				CLANG_WARN_OBJC_LITERAL_CONVERSION = YES;
				CLANG_WARN_OBJC_ROOT_CLASS = YES_ERROR;
				CLANG_WARN_QUOTED_INCLUDE_IN_FRAMEWORK_HEADER = YES;
				CLANG_WARN_RANGE_LOOP_ANALYSIS = YES;
				CLANG_WARN_STRICT_PROTOTYPES = YES;
				CLANG_WARN_SUSPICIOUS_MOVE = YES;
				CLANG_WARN_UNGUARDED_AVAILABILITY = YES_AGGRESSIVE;
				CLANG_WARN_UNREACHABLE_CODE = YES;
				CLANG_WARN__DUPLICATE_METHOD_MATCH = YES;
				COPY_PHASE_STRIP = NO;
				DEBUG_INFORMATION_FORMAT = "dwarf-with-dsym";
				ENABLE_NS_ASSERTIONS = NO;
				ENABLE_STRICT_OBJC_MSGSEND = YES;
				GCC_C_LANGUAGE_STANDARD = gnu11;
				GCC_NO_COMMON_BLOCKS = YES;
				GCC_WARN_64_TO_32_BIT_CONVERSION = YES;
				GCC_WARN_ABOUT_RETURN_TYPE = YES_ERROR;
				GCC_WARN_UNDECLARED_SELECTOR = YES;
				GCC_WARN_UNINITIALIZED_AUTOS = YES_AGGRESSIVE;
				GCC_WARN_UNUSED_FUNCTION = YES;
				GCC_WARN_UNUSED_VARIABLE = YES;
				IPHONEOS_DEPLOYMENT_TARGET = 15.2;
				MTL_ENABLE_DEBUG_INFO = NO;
				MTL_FAST_MATH = YES;
				SDKROOT = iphoneos;
				SWIFT_COMPILATION_MODE = wholemodule;
				SWIFT_OPTIMIZATION_LEVEL = "-O";
				VALIDATE_PRODUCT = YES;
			};
			name = Release;
		};
		B5B7EAB427FD8E780088EFFB /* Debug */ = {
			isa = XCBuildConfiguration;
			buildSettings = {
				ASSETCATALOG_COMPILER_APPICON_NAME = AppIcon;
				ASSETCATALOG_COMPILER_GLOBAL_ACCENT_COLOR_NAME = AccentColor;
				CODE_SIGN_STYLE = Automatic;
				CURRENT_PROJECT_VERSION = 1;
				DEVELOPMENT_TEAM = N7Q39Q3439;
				GENERATE_INFOPLIST_FILE = YES;
				INFOPLIST_FILE = UIKitAnimations/Info.plist;
				INFOPLIST_KEY_UIApplicationSupportsIndirectInputEvents = YES;
				INFOPLIST_KEY_UILaunchStoryboardName = LaunchScreen;
				INFOPLIST_KEY_UIMainStoryboardFile = Main;
				INFOPLIST_KEY_UISupportedInterfaceOrientations_iPad = "UIInterfaceOrientationPortrait UIInterfaceOrientationPortraitUpsideDown UIInterfaceOrientationLandscapeLeft UIInterfaceOrientationLandscapeRight";
				INFOPLIST_KEY_UISupportedInterfaceOrientations_iPhone = "UIInterfaceOrientationPortrait UIInterfaceOrientationLandscapeLeft UIInterfaceOrientationLandscapeRight";
				LD_RUNPATH_SEARCH_PATHS = (
					"$(inherited)",
					"@executable_path/Frameworks",
				);
				MARKETING_VERSION = 1.0;
				PRODUCT_BUNDLE_IDENTIFIER = UIKitAnimations.UIKitAnimations;
				PRODUCT_NAME = "$(TARGET_NAME)";
				SWIFT_EMIT_LOC_STRINGS = YES;
				SWIFT_VERSION = 5.0;
				TARGETED_DEVICE_FAMILY = "1,2";
			};
			name = Debug;
		};
		B5B7EAB527FD8E780088EFFB /* Release */ = {
			isa = XCBuildConfiguration;
			buildSettings = {
				ASSETCATALOG_COMPILER_APPICON_NAME = AppIcon;
				ASSETCATALOG_COMPILER_GLOBAL_ACCENT_COLOR_NAME = AccentColor;
				CODE_SIGN_STYLE = Automatic;
				CURRENT_PROJECT_VERSION = 1;
				DEVELOPMENT_TEAM = N7Q39Q3439;
				GENERATE_INFOPLIST_FILE = YES;
				INFOPLIST_FILE = UIKitAnimations/Info.plist;
				INFOPLIST_KEY_UIApplicationSupportsIndirectInputEvents = YES;
				INFOPLIST_KEY_UILaunchStoryboardName = LaunchScreen;
				INFOPLIST_KEY_UIMainStoryboardFile = Main;
				INFOPLIST_KEY_UISupportedInterfaceOrientations_iPad = "UIInterfaceOrientationPortrait UIInterfaceOrientationPortraitUpsideDown UIInterfaceOrientationLandscapeLeft UIInterfaceOrientationLandscapeRight";
				INFOPLIST_KEY_UISupportedInterfaceOrientations_iPhone = "UIInterfaceOrientationPortrait UIInterfaceOrientationLandscapeLeft UIInterfaceOrientationLandscapeRight";
				LD_RUNPATH_SEARCH_PATHS = (
					"$(inherited)",
					"@executable_path/Frameworks",
				);
				MARKETING_VERSION = 1.0;
				PRODUCT_BUNDLE_IDENTIFIER = UIKitAnimations.UIKitAnimations;
				PRODUCT_NAME = "$(TARGET_NAME)";
				SWIFT_EMIT_LOC_STRINGS = YES;
				SWIFT_VERSION = 5.0;
				TARGETED_DEVICE_FAMILY = "1,2";
			};
			name = Release;
		};
/* End XCBuildConfiguration section */

/* Begin XCConfigurationList section */
		B5B7EA9A27FD8E740088EFFB /* Build configuration list for PBXProject "UIKitAnimations" */ = {
			isa = XCConfigurationList;
			buildConfigurations = (
				B5B7EAB127FD8E780088EFFB /* Debug */,
				B5B7EAB227FD8E780088EFFB /* Release */,
			);
			defaultConfigurationIsVisible = 0;
			defaultConfigurationName = Release;
		};
		B5B7EAB327FD8E780088EFFB /* Build configuration list for PBXNativeTarget "UIKitAnimations" */ = {
			isa = XCConfigurationList;
			buildConfigurations = (
				B5B7EAB427FD8E780088EFFB /* Debug */,
				B5B7EAB527FD8E780088EFFB /* Release */,
			);
			defaultConfigurationIsVisible = 0;
			defaultConfigurationName = Release;
		};
/* End XCConfigurationList section */
	};
	rootObject = B5B7EA9727FD8E740088EFFB /* Project object */;
}
